// !$*UTF8*$!
{
	archiveVersion = 1;
	classes = {
	};
	objectVersion = 77;
	objects = {

/* Begin PBXBuildFile section */
		7D4A6DBA2F6336CB008387F8 /* RealityKitContent in Frameworks */ = {isa = PBXBuildFile; productRef = 7D4A6DB92F6336CB008387F8 /* RealityKitContent */; };
		7D4A6DDD2F6338AE008387F8 /* OpenClawAgents in Frameworks */ = {isa = PBXBuildFile; productRef = 7D4A6DDC2F6338AE008387F8 /* OpenClawAgents */; };
		7D4A6DDF2F6338AE008387F8 /* OpenClawChannels in Frameworks */ = {isa = PBXBuildFile; productRef = 7D4A6DDE2F6338AE008387F8 /* OpenClawChannels */; };
		7D4A6DE12F6338AE008387F8 /* OpenClawCore in Frameworks */ = {isa = PBXBuildFile; productRef = 7D4A6DE02F6338AE008387F8 /* OpenClawCore */; };
		7D4A6DE32F6338AE008387F8 /* OpenClawGateway in Frameworks */ = {isa = PBXBuildFile; productRef = 7D4A6DE22F6338AE008387F8 /* OpenClawGateway */; };
		7D4A6DE52F6338AE008387F8 /* OpenClawKit in Frameworks */ = {isa = PBXBuildFile; productRef = 7D4A6DE42F6338AE008387F8 /* OpenClawKit */; };
		7D4A6DE72F6338AE008387F8 /* OpenClawMedia in Frameworks */ = {isa = PBXBuildFile; productRef = 7D4A6DE62F6338AE008387F8 /* OpenClawMedia */; };
		7D4A6DE92F6338AE008387F8 /* OpenClawMemory in Frameworks */ = {isa = PBXBuildFile; productRef = 7D4A6DE82F6338AE008387F8 /* OpenClawMemory */; };
		7D4A6DEB2F6338AE008387F8 /* OpenClawModels in Frameworks */ = {isa = PBXBuildFile; productRef = 7D4A6DEA2F6338AE008387F8 /* OpenClawModels */; };
		7D4A6DED2F6338AE008387F8 /* OpenClawPlugins in Frameworks */ = {isa = PBXBuildFile; productRef = 7D4A6DEC2F6338AE008387F8 /* OpenClawPlugins */; };
		7D4A6DEF2F6338AE008387F8 /* OpenClawProtocol in Frameworks */ = {isa = PBXBuildFile; productRef = 7D4A6DEE2F6338AE008387F8 /* OpenClawProtocol */; };
		7D4A6DF12F6338AE008387F8 /* OpenClawSkills in Frameworks */ = {isa = PBXBuildFile; productRef = 7D4A6DF02F6338AE008387F8 /* OpenClawSkills */; };
		AA000001000000000000005 /* RosClawBridge in Frameworks */ = {isa = PBXBuildFile; productRef = AA000001000000000000006 /* RosClawBridge */; };
/* End PBXBuildFile section */

/* Begin PBXContainerItemProxy section */
		7D4A6DC92F6336CC008387F8 /* PBXContainerItemProxy */ = {
			isa = PBXContainerItemProxy;
			containerPortal = 7D4A6DAC2F6336CB008387F8 /* Project object */;
			proxyType = 1;
			remoteGlobalIDString = 7D4A6DB32F6336CB008387F8;
			remoteInfo = "robot-copilot-demo";
		};
/* End PBXContainerItemProxy section */

/* Begin PBXFileReference section */
		7D4A6DB42F6336CB008387F8 /* robot-copilot-demo.app */ = {isa = PBXFileReference; explicitFileType = wrapper.application; includeInIndex = 0; path = "robot-copilot-demo.app"; sourceTree = BUILT_PRODUCTS_DIR; };
		7D4A6DB82F6336CB008387F8 /* RealityKitContent */ = {isa = PBXFileReference; lastKnownFileType = wrapper; path = RealityKitContent; sourceTree = "<group>"; };
		7D4A6DC82F6336CC008387F8 /* robot-copilot-demoTests.xctest */ = {isa = PBXFileReference; explicitFileType = wrapper.cfbundle; includeInIndex = 0; path = "robot-copilot-demoTests.xctest"; sourceTree = BUILT_PRODUCTS_DIR; };
		7D4A6F9C2F63619C008387F8 /* Package.swift */ = {isa = PBXFileReference; lastKnownFileType = sourcecode.swift; name = Package.swift; path = Packages/RosClawBridge/Package.swift; sourceTree = "<group>"; };
		AA000001000000000000003 /* RosClawBridge */ = {isa = PBXFileReference; lastKnownFileType = wrapper; path = RosClawBridge; sourceTree = "<group>"; };
/* End PBXFileReference section */

/* Begin PBXFileSystemSynchronizedBuildFileExceptionSet section */
		7D4A6DCE2F6336CC008387F8 /* Exceptions for "robot-copilot-demo" folder in "robot-copilot-demo" target */ = {
			isa = PBXFileSystemSynchronizedBuildFileExceptionSet;
			membershipExceptions = (
				Info.plist,
			);
			target = 7D4A6DB32F6336CB008387F8 /* robot-copilot-demo */;
		};
/* End PBXFileSystemSynchronizedBuildFileExceptionSet section */

/* Begin PBXFileSystemSynchronizedRootGroup section */
		7D4A6DB62F6336CB008387F8 /* robot-copilot-demo */ = {
			isa = PBXFileSystemSynchronizedRootGroup;
			exceptions = (
				7D4A6DCE2F6336CC008387F8 /* Exceptions for "robot-copilot-demo" folder in "robot-copilot-demo" target */,
			);
			path = "robot-copilot-demo";
			sourceTree = "<group>";
		};
		7D4A6DCB2F6336CC008387F8 /* robot-copilot-demoTests */ = {
			isa = PBXFileSystemSynchronizedRootGroup;
			path = "robot-copilot-demoTests";
			sourceTree = "<group>";
		};
/* End PBXFileSystemSynchronizedRootGroup section */

/* Begin PBXFrameworksBuildPhase section */
		7D4A6DB12F6336CB008387F8 /* Frameworks */ = {
			isa = PBXFrameworksBuildPhase;
			buildActionMask = 2147483647;
			files = (
				7D4A6DEB2F6338AE008387F8 /* OpenClawModels in Frameworks */,
				7D4A6DE92F6338AE008387F8 /* OpenClawMemory in Frameworks */,
				7D4A6DEF2F6338AE008387F8 /* OpenClawProtocol in Frameworks */,
				7D4A6DBA2F6336CB008387F8 /* RealityKitContent in Frameworks */,
				7D4A6DDF2F6338AE008387F8 /* OpenClawChannels in Frameworks */,
				7D4A6DF12F6338AE008387F8 /* OpenClawSkills in Frameworks */,
				7D4A6DE12F6338AE008387F8 /* OpenClawCore in Frameworks */,
				7D4A6DE72F6338AE008387F8 /* OpenClawMedia in Frameworks */,
				7D4A6DED2F6338AE008387F8 /* OpenClawPlugins in Frameworks */,
				7D4A6DDD2F6338AE008387F8 /* OpenClawAgents in Frameworks */,
				7D4A6DE52F6338AE008387F8 /* OpenClawKit in Frameworks */,
				7D4A6DE32F6338AE008387F8 /* OpenClawGateway in Frameworks */,
				AA000001000000000000005 /* RosClawBridge in Frameworks */,
			);
			runOnlyForDeploymentPostprocessing = 0;
		};
		7D4A6DC52F6336CC008387F8 /* Frameworks */ = {
			isa = PBXFrameworksBuildPhase;
			buildActionMask = 2147483647;
			files = (
			);
			runOnlyForDeploymentPostprocessing = 0;
		};
/* End PBXFrameworksBuildPhase section */

/* Begin PBXGroup section */
		7D4A6DAB2F6336CB008387F8 = {
			isa = PBXGroup;
			children = (
				7D4A6DB62F6336CB008387F8 /* robot-copilot-demo */,
				7D4A6DB72F6336CB008387F8 /* Packages */,
				7D4A6DCB2F6336CC008387F8 /* robot-copilot-demoTests */,
				7D4A6F9B2F63617A008387F8 /* Frameworks */,
				7D4A6DB52F6336CB008387F8 /* Products */,
			);
			sourceTree = "<group>";
		};
		7D4A6DB52F6336CB008387F8 /* Products */ = {
			isa = PBXGroup;
			children = (
				7D4A6DB42F6336CB008387F8 /* robot-copilot-demo.app */,
				7D4A6DC82F6336CC008387F8 /* robot-copilot-demoTests.xctest */,
			);
			name = Products;
			sourceTree = "<group>";
		};
		7D4A6DB72F6336CB008387F8 /* Packages */ = {
			isa = PBXGroup;
			children = (
				7D4A6DB82F6336CB008387F8 /* RealityKitContent */,
				AA000001000000000000003 /* RosClawBridge */,
			);
			path = Packages;
			sourceTree = "<group>";
		};
		7D4A6F9B2F63617A008387F8 /* Frameworks */ = {
			isa = PBXGroup;
			children = (
				7D4A6F9C2F63619C008387F8 /* Package.swift */,
			);
			name = Frameworks;
			sourceTree = "<group>";
		};
/* End PBXGroup section */

/* Begin PBXNativeTarget section */
		7D4A6DB32F6336CB008387F8 /* robot-copilot-demo */ = {
			isa = PBXNativeTarget;
			buildConfigurationList = 7D4A6DCF2F6336CC008387F8 /* Build configuration list for PBXNativeTarget "robot-copilot-demo" */;
			buildPhases = (
				7D4A6DB02F6336CB008387F8 /* Sources */,
				7D4A6DB12F6336CB008387F8 /* Frameworks */,
				7D4A6DB22F6336CB008387F8 /* Resources */,
			);
			buildRules = (
			);
			dependencies = (
			);
			fileSystemSynchronizedGroups = (
				7D4A6DB62F6336CB008387F8 /* robot-copilot-demo */,
			);
			name = "robot-copilot-demo";
			packageProductDependencies = (
				7D4A6DB92F6336CB008387F8 /* RealityKitContent */,
				7D4A6DDC2F6338AE008387F8 /* OpenClawAgents */,
				7D4A6DDE2F6338AE008387F8 /* OpenClawChannels */,
				7D4A6DE02F6338AE008387F8 /* OpenClawCore */,
				7D4A6DE22F6338AE008387F8 /* OpenClawGateway */,
				7D4A6DE42F6338AE008387F8 /* OpenClawKit */,
				7D4A6DE62F6338AE008387F8 /* OpenClawMedia */,
				7D4A6DE82F6338AE008387F8 /* OpenClawMemory */,
				7D4A6DEA2F6338AE008387F8 /* OpenClawModels */,
				7D4A6DEC2F6338AE008387F8 /* OpenClawPlugins */,
				7D4A6DEE2F6338AE008387F8 /* OpenClawProtocol */,
				7D4A6DF02F6338AE008387F8 /* OpenClawSkills */,
				AA000001000000000000006 /* RosClawBridge */,
			);
			productName = "robot-copilot-demo";
			productReference = 7D4A6DB42F6336CB008387F8 /* robot-copilot-demo.app */;
			productType = "com.apple.product-type.application";
		};
		7D4A6DC72F6336CC008387F8 /* robot-copilot-demoTests */ = {
			isa = PBXNativeTarget;
			buildConfigurationList = 7D4A6DD42F6336CC008387F8 /* Build configuration list for PBXNativeTarget "robot-copilot-demoTests" */;
			buildPhases = (
				7D4A6DC42F6336CC008387F8 /* Sources */,
				7D4A6DC52F6336CC008387F8 /* Frameworks */,
				7D4A6DC62F6336CC008387F8 /* Resources */,
			);
			buildRules = (
			);
			dependencies = (
				7D4A6DCA2F6336CC008387F8 /* PBXTargetDependency */,
			);
			fileSystemSynchronizedGroups = (
				7D4A6DCB2F6336CC008387F8 /* robot-copilot-demoTests */,
			);
			name = "robot-copilot-demoTests";
			packageProductDependencies = (
			);
			productName = "robot-copilot-demoTests";
			productReference = 7D4A6DC82F6336CC008387F8 /* robot-copilot-demoTests.xctest */;
			productType = "com.apple.product-type.bundle.unit-test";
		};
/* End PBXNativeTarget section */

/* Begin PBXProject section */
		7D4A6DAC2F6336CB008387F8 /* Project object */ = {
			isa = PBXProject;
			attributes = {
				BuildIndependentTargetsInParallel = 1;
				LastSwiftUpdateCheck = 2630;
				LastUpgradeCheck = 2630;
				TargetAttributes = {
					7D4A6DB32F6336CB008387F8 = {
						CreatedOnToolsVersion = 26.3;
					};
					7D4A6DC72F6336CC008387F8 = {
						CreatedOnToolsVersion = 26.3;
						TestTargetID = 7D4A6DB32F6336CB008387F8;
					};
				};
			};
			buildConfigurationList = 7D4A6DAF2F6336CB008387F8 /* Build configuration list for PBXProject "robot-copilot-demo" */;
			developmentRegion = en;
			hasScannedForEncodings = 0;
			knownRegions = (
				en,
				Base,
			);
			mainGroup = 7D4A6DAB2F6336CB008387F8;
			minimizedProjectReferenceProxies = 1;
			packageReferences = (
				7D4A6DDB2F6338AE008387F8 /* XCRemoteSwiftPackageReference "OpenClawKit" */,
			);
			preferredProjectObjectVersion = 77;
			productRefGroup = 7D4A6DB52F6336CB008387F8 /* Products */;
			projectDirPath = "";
			projectRoot = "";
			targets = (
				7D4A6DB32F6336CB008387F8 /* robot-copilot-demo */,
				7D4A6DC72F6336CC008387F8 /* robot-copilot-demoTests */,
			);
		};
/* End PBXProject section */

/* Begin PBXResourcesBuildPhase section */
		7D4A6DB22F6336CB008387F8 /* Resources */ = {
			isa = PBXResourcesBuildPhase;
			buildActionMask = 2147483647;
			files = (
			);
			runOnlyForDeploymentPostprocessing = 0;
		};
		7D4A6DC62F6336CC008387F8 /* Resources */ = {
			isa = PBXResourcesBuildPhase;
			buildActionMask = 2147483647;
			files = (
			);
			runOnlyForDeploymentPostprocessing = 0;
		};
/* End PBXResourcesBuildPhase section */

/* Begin PBXSourcesBuildPhase section */
		7D4A6DB02F6336CB008387F8 /* Sources */ = {
			isa = PBXSourcesBuildPhase;
			buildActionMask = 2147483647;
			files = (
			);
			runOnlyForDeploymentPostprocessing = 0;
		};
		7D4A6DC42F6336CC008387F8 /* Sources */ = {
			isa = PBXSourcesBuildPhase;
			buildActionMask = 2147483647;
			files = (
			);
			runOnlyForDeploymentPostprocessing = 0;
		};
/* End PBXSourcesBuildPhase section */

/* Begin PBXTargetDependency section */
		7D4A6DCA2F6336CC008387F8 /* PBXTargetDependency */ = {
			isa = PBXTargetDependency;
			target = 7D4A6DB32F6336CB008387F8 /* robot-copilot-demo */;
			targetProxy = 7D4A6DC92F6336CC008387F8 /* PBXContainerItemProxy */;
		};
/* End PBXTargetDependency section */

/* Begin XCBuildConfiguration section */
		7D4A6DD02F6336CC008387F8 /* Debug */ = {
			isa = XCBuildConfiguration;
			buildSettings = {
				ASSETCATALOG_COMPILER_APPICON_NAME = AppIcon;
				ASSETCATALOG_COMPILER_GLOBAL_ACCENT_COLOR_NAME = AccentColor;
				CODE_SIGN_STYLE = Automatic;
				CURRENT_PROJECT_VERSION = 1;
				DEVELOPMENT_TEAM = 8GNE6ML5WX;
				ENABLE_PREVIEWS = YES;
				GENERATE_INFOPLIST_FILE = YES;
				INFOPLIST_FILE = "$(TARGET_NAME)/Info.plist";
				LD_RUNPATH_SEARCH_PATHS = (
					"$(inherited)",
					"@executable_path/Frameworks",
				);
				MARKETING_VERSION = 1.0;
				PRODUCT_BUNDLE_IDENTIFIER = "io.marcodotio.robot-copilot-demo";
				PRODUCT_NAME = "$(TARGET_NAME)";
				STRING_CATALOG_GENERATE_SYMBOLS = YES;
				SUPPORTED_PLATFORMS = "xros xrsimulator";
				SWIFT_APPROACHABLE_CONCURRENCY = YES;
				SWIFT_DEFAULT_ACTOR_ISOLATION = MainActor;
				SWIFT_EMIT_LOC_STRINGS = YES;
				SWIFT_UPCOMING_FEATURE_MEMBER_IMPORT_VISIBILITY = YES;
				SWIFT_VERSION = 5.0;
				TARGETED_DEVICE_FAMILY = 7;
			};
			name = Debug;
		};
		7D4A6DD12F6336CC008387F8 /* Release */ = {
			isa = XCBuildConfiguration;
			buildSettings = {
				ASSETCATALOG_COMPILER_APPICON_NAME = AppIcon;
				ASSETCATALOG_COMPILER_GLOBAL_ACCENT_COLOR_NAME = AccentColor;
				CODE_SIGN_STYLE = Automatic;
				CURRENT_PROJECT_VERSION = 1;
				DEVELOPMENT_TEAM = 8GNE6ML5WX;
				ENABLE_PREVIEWS = YES;
				GENERATE_INFOPLIST_FILE = YES;
				INFOPLIST_FILE = "$(TARGET_NAME)/Info.plist";
				LD_RUNPATH_SEARCH_PATHS = (
					"$(inherited)",
					"@executable_path/Frameworks",
				);
				MARKETING_VERSION = 1.0;
				PRODUCT_BUNDLE_IDENTIFIER = "io.marcodotio.robot-copilot-demo";
				PRODUCT_NAME = "$(TARGET_NAME)";
				STRING_CATALOG_GENERATE_SYMBOLS = YES;
				SUPPORTED_PLATFORMS = "xros xrsimulator";
				SWIFT_APPROACHABLE_CONCURRENCY = YES;
				SWIFT_DEFAULT_ACTOR_ISOLATION = MainActor;
				SWIFT_EMIT_LOC_STRINGS = YES;
				SWIFT_UPCOMING_FEATURE_MEMBER_IMPORT_VISIBILITY = YES;
				SWIFT_VERSION = 5.0;
				TARGETED_DEVICE_FAMILY = 7;
			};
			name = Release;
		};
		7D4A6DD22F6336CC008387F8 /* Debug */ = {
			isa = XCBuildConfiguration;
			buildSettings = {
				ALWAYS_SEARCH_USER_PATHS = NO;
				ASSETCATALOG_COMPILER_GENERATE_SWIFT_ASSET_SYMBOL_EXTENSIONS = YES;
				CLANG_ANALYZER_NONNULL = YES;
				CLANG_ANALYZER_NUMBER_OBJECT_CONVERSION = YES_AGGRESSIVE;
				CLANG_CXX_LANGUAGE_STANDARD = "gnu++20";
				CLANG_ENABLE_MODULES = YES;
				CLANG_ENABLE_OBJC_ARC = YES;
				CLANG_ENABLE_OBJC_WEAK = YES;
				CLANG_WARN_BLOCK_CAPTURE_AUTORELEASING = YES;
				CLANG_WARN_BOOL_CONVERSION = YES;
				CLANG_WARN_COMMA = YES;
				CLANG_WARN_CONSTANT_CONVERSION = YES;
				CLANG_WARN_DEPRECATED_OBJC_IMPLEMENTATIONS = YES;
				CLANG_WARN_DIRECT_OBJC_ISA_USAGE = YES_ERROR;
				CLANG_WARN_DOCUMENTATION_COMMENTS = YES;
				CLANG_WARN_EMPTY_BODY = YES;
				CLANG_WARN_ENUM_CONVERSION = YES;
				CLANG_WARN_INFINITE_RECURSION = YES;
				CLANG_WARN_INT_CONVERSION = YES;
				CLANG_WARN_NON_LITERAL_NULL_CONVERSION = YES;
				CLANG_WARN_OBJC_IMPLICIT_RETAIN_SELF = YES;
				CLANG_WARN_OBJC_LITERAL_CONVERSION = YES;
				CLANG_WARN_OBJC_ROOT_CLASS = YES_ERROR;
				CLANG_WARN_QUOTED_INCLUDE_IN_FRAMEWORK_HEADER = YES;
				CLANG_WARN_RANGE_LOOP_ANALYSIS = YES;
				CLANG_WARN_STRICT_PROTOTYPES = YES;
				CLANG_WARN_SUSPICIOUS_MOVE = YES;
				CLANG_WARN_UNGUARDED_AVAILABILITY = YES_AGGRESSIVE;
				CLANG_WARN_UNREACHABLE_CODE = YES;
				CLANG_WARN__DUPLICATE_METHOD_MATCH = YES;
				COPY_PHASE_STRIP = NO;
				DEBUG_INFORMATION_FORMAT = dwarf;
				DEVELOPMENT_TEAM = 8GNE6ML5WX;
				ENABLE_STRICT_OBJC_MSGSEND = YES;
				ENABLE_TESTABILITY = YES;
				ENABLE_USER_SCRIPT_SANDBOXING = YES;
				GCC_C_LANGUAGE_STANDARD = gnu17;
				GCC_DYNAMIC_NO_PIC = NO;
				GCC_NO_COMMON_BLOCKS = YES;
				GCC_OPTIMIZATION_LEVEL = 0;
				GCC_PREPROCESSOR_DEFINITIONS = (
					"DEBUG=1",
					"$(inherited)",
				);
				GCC_WARN_64_TO_32_BIT_CONVERSION = YES;
				GCC_WARN_ABOUT_RETURN_TYPE = YES_ERROR;
				GCC_WARN_UNDECLARED_SELECTOR = YES;
				GCC_WARN_UNINITIALIZED_AUTOS = YES_AGGRESSIVE;
				GCC_WARN_UNUSED_FUNCTION = YES;
				GCC_WARN_UNUSED_VARIABLE = YES;
				LOCALIZATION_PREFERS_STRING_CATALOGS = YES;
				MTL_ENABLE_DEBUG_INFO = INCLUDE_SOURCE;
				MTL_FAST_MATH = YES;
				ONLY_ACTIVE_ARCH = YES;
				SDKROOT = xros;
				SWIFT_ACTIVE_COMPILATION_CONDITIONS = "DEBUG $(inherited)";
				SWIFT_OPTIMIZATION_LEVEL = "-Onone";
				XROS_DEPLOYMENT_TARGET = 26.2;
			};
			name = Debug;
		};
		7D4A6DD32F6336CC008387F8 /* Release */ = {
			isa = XCBuildConfiguration;
			buildSettings = {
				ALWAYS_SEARCH_USER_PATHS = NO;
				ASSETCATALOG_COMPILER_GENERATE_SWIFT_ASSET_SYMBOL_EXTENSIONS = YES;
				CLANG_ANALYZER_NONNULL = YES;
				CLANG_ANALYZER_NUMBER_OBJECT_CONVERSION = YES_AGGRESSIVE;
				CLANG_CXX_LANGUAGE_STANDARD = "gnu++20";
				CLANG_ENABLE_MODULES = YES;
				CLANG_ENABLE_OBJC_ARC = YES;
				CLANG_ENABLE_OBJC_WEAK = YES;
				CLANG_WARN_BLOCK_CAPTURE_AUTORELEASING = YES;
				CLANG_WARN_BOOL_CONVERSION = YES;
				CLANG_WARN_COMMA = YES;
				CLANG_WARN_CONSTANT_CONVERSION = YES;
				CLANG_WARN_DEPRECATED_OBJC_IMPLEMENTATIONS = YES;
				CLANG_WARN_DIRECT_OBJC_ISA_USAGE = YES_ERROR;
				CLANG_WARN_DOCUMENTATION_COMMENTS = YES;
				CLANG_WARN_EMPTY_BODY = YES;
				CLANG_WARN_ENUM_CONVERSION = YES;
				CLANG_WARN_INFINITE_RECURSION = YES;
				CLANG_WARN_INT_CONVERSION = YES;
				CLANG_WARN_NON_LITERAL_NULL_CONVERSION = YES;
				CLANG_WARN_OBJC_IMPLICIT_RETAIN_SELF = YES;
				CLANG_WARN_OBJC_LITERAL_CONVERSION = YES;
				CLANG_WARN_OBJC_ROOT_CLASS = YES_ERROR;
				CLANG_WARN_QUOTED_INCLUDE_IN_FRAMEWORK_HEADER = YES;
				CLANG_WARN_RANGE_LOOP_ANALYSIS = YES;
				CLANG_WARN_STRICT_PROTOTYPES = YES;
				CLANG_WARN_SUSPICIOUS_MOVE = YES;
				CLANG_WARN_UNGUARDED_AVAILABILITY = YES_AGGRESSIVE;
				CLANG_WARN_UNREACHABLE_CODE = YES;
				CLANG_WARN__DUPLICATE_METHOD_MATCH = YES;
				COPY_PHASE_STRIP = NO;
				DEBUG_INFORMATION_FORMAT = "dwarf-with-dsym";
				DEVELOPMENT_TEAM = 8GNE6ML5WX;
				ENABLE_NS_ASSERTIONS = NO;
				ENABLE_STRICT_OBJC_MSGSEND = YES;
				ENABLE_USER_SCRIPT_SANDBOXING = YES;
				GCC_C_LANGUAGE_STANDARD = gnu17;
				GCC_NO_COMMON_BLOCKS = YES;
				GCC_WARN_64_TO_32_BIT_CONVERSION = YES;
				GCC_WARN_ABOUT_RETURN_TYPE = YES_ERROR;
				GCC_WARN_UNDECLARED_SELECTOR = YES;
				GCC_WARN_UNINITIALIZED_AUTOS = YES_AGGRESSIVE;
				GCC_WARN_UNUSED_FUNCTION = YES;
				GCC_WARN_UNUSED_VARIABLE = YES;
				LOCALIZATION_PREFERS_STRING_CATALOGS = YES;
				MTL_ENABLE_DEBUG_INFO = NO;
				MTL_FAST_MATH = YES;
				SDKROOT = xros;
				SWIFT_COMPILATION_MODE = wholemodule;
				VALIDATE_PRODUCT = YES;
				XROS_DEPLOYMENT_TARGET = 26.2;
			};
			name = Release;
		};
		7D4A6DD52F6336CC008387F8 /* Debug */ = {
			isa = XCBuildConfiguration;
			buildSettings = {
				BUNDLE_LOADER = "$(TEST_HOST)";
				CODE_SIGN_STYLE = Automatic;
				CURRENT_PROJECT_VERSION = 1;
				DEVELOPMENT_TEAM = 8GNE6ML5WX;
				GENERATE_INFOPLIST_FILE = YES;
				MARKETING_VERSION = 1.0;
				PRODUCT_BUNDLE_IDENTIFIER = "io.marcodotio.robot-copilot-demoTests";
				PRODUCT_NAME = "$(TARGET_NAME)";
				STRING_CATALOG_GENERATE_SYMBOLS = NO;
				SUPPORTED_PLATFORMS = "xros xrsimulator";
				SWIFT_APPROACHABLE_CONCURRENCY = YES;
				SWIFT_EMIT_LOC_STRINGS = NO;
				SWIFT_UPCOMING_FEATURE_MEMBER_IMPORT_VISIBILITY = YES;
				SWIFT_VERSION = 5.0;
				TARGETED_DEVICE_FAMILY = 7;
				TEST_HOST = "$(BUILT_PRODUCTS_DIR)/robot-copilot-demo.app/$(BUNDLE_EXECUTABLE_FOLDER_PATH)/robot-copilot-demo";
				XROS_DEPLOYMENT_TARGET = 26.2;
			};
			name = Debug;
		};
		7D4A6DD62F6336CC008387F8 /* Release */ = {
			isa = XCBuildConfiguration;
			buildSettings = {
				BUNDLE_LOADER = "$(TEST_HOST)";
				CODE_SIGN_STYLE = Automatic;
				CURRENT_PROJECT_VERSION = 1;
				DEVELOPMENT_TEAM = 8GNE6ML5WX;
				GENERATE_INFOPLIST_FILE = YES;
				MARKETING_VERSION = 1.0;
				PRODUCT_BUNDLE_IDENTIFIER = "io.marcodotio.robot-copilot-demoTests";
				PRODUCT_NAME = "$(TARGET_NAME)";
				STRING_CATALOG_GENERATE_SYMBOLS = NO;
				SUPPORTED_PLATFORMS = "xros xrsimulator";
				SWIFT_APPROACHABLE_CONCURRENCY = YES;
				SWIFT_EMIT_LOC_STRINGS = NO;
				SWIFT_UPCOMING_FEATURE_MEMBER_IMPORT_VISIBILITY = YES;
				SWIFT_VERSION = 5.0;
				TARGETED_DEVICE_FAMILY = 7;
				TEST_HOST = "$(BUILT_PRODUCTS_DIR)/robot-copilot-demo.app/$(BUNDLE_EXECUTABLE_FOLDER_PATH)/robot-copilot-demo";
				XROS_DEPLOYMENT_TARGET = 26.2;
			};
			name = Release;
		};
/* End XCBuildConfiguration section */

/* Begin XCConfigurationList section */
		7D4A6DAF2F6336CB008387F8 /* Build configuration list for PBXProject "robot-copilot-demo" */ = {
			isa = XCConfigurationList;
			buildConfigurations = (
				7D4A6DD22F6336CC008387F8 /* Debug */,
				7D4A6DD32F6336CC008387F8 /* Release */,
			);
			defaultConfigurationIsVisible = 0;
			defaultConfigurationName = Release;
		};
		7D4A6DCF2F6336CC008387F8 /* Build configuration list for PBXNativeTarget "robot-copilot-demo" */ = {
			isa = XCConfigurationList;
			buildConfigurations = (
				7D4A6DD02F6336CC008387F8 /* Debug */,
				7D4A6DD12F6336CC008387F8 /* Release */,
			);
			defaultConfigurationIsVisible = 0;
			defaultConfigurationName = Release;
		};
		7D4A6DD42F6336CC008387F8 /* Build configuration list for PBXNativeTarget "robot-copilot-demoTests" */ = {
			isa = XCConfigurationList;
			buildConfigurations = (
				7D4A6DD52F6336CC008387F8 /* Debug */,
				7D4A6DD62F6336CC008387F8 /* Release */,
			);
			defaultConfigurationIsVisible = 0;
			defaultConfigurationName = Release;
		};
/* End XCConfigurationList section */

/* Begin XCRemoteSwiftPackageReference section */
		7D4A6DDB2F6338AE008387F8 /* XCRemoteSwiftPackageReference "OpenClawKit" */ = {
			isa = XCRemoteSwiftPackageReference;
			repositoryURL = "https://github.com/MarcoDotIO/OpenClawKit";
			requirement = {
				kind = upToNextMajorVersion;
				minimumVersion = 2026.2.2;
			};
		};
/* End XCRemoteSwiftPackageReference section */

/* Begin XCSwiftPackageProductDependency section */
		7D4A6DB92F6336CB008387F8 /* RealityKitContent */ = {
			isa = XCSwiftPackageProductDependency;
			productName = RealityKitContent;
		};
		7D4A6DDC2F6338AE008387F8 /* OpenClawAgents */ = {
			isa = XCSwiftPackageProductDependency;
			package = 7D4A6DDB2F6338AE008387F8 /* XCRemoteSwiftPackageReference "OpenClawKit" */;
			productName = OpenClawAgents;
		};
		7D4A6DDE2F6338AE008387F8 /* OpenClawChannels */ = {
			isa = XCSwiftPackageProductDependency;
			package = 7D4A6DDB2F6338AE008387F8 /* XCRemoteSwiftPackageReference "OpenClawKit" */;
			productName = OpenClawChannels;
		};
		7D4A6DE02F6338AE008387F8 /* OpenClawCore */ = {
			isa = XCSwiftPackageProductDependency;
			package = 7D4A6DDB2F6338AE008387F8 /* XCRemoteSwiftPackageReference "OpenClawKit" */;
			productName = OpenClawCore;
		};
		7D4A6DE22F6338AE008387F8 /* OpenClawGateway */ = {
			isa = XCSwiftPackageProductDependency;
			package = 7D4A6DDB2F6338AE008387F8 /* XCRemoteSwiftPackageReference "OpenClawKit" */;
			productName = OpenClawGateway;
		};
		7D4A6DE42F6338AE008387F8 /* OpenClawKit */ = {
			isa = XCSwiftPackageProductDependency;
			package = 7D4A6DDB2F6338AE008387F8 /* XCRemoteSwiftPackageReference "OpenClawKit" */;
			productName = OpenClawKit;
		};
		7D4A6DE62F6338AE008387F8 /* OpenClawMedia */ = {
			isa = XCSwiftPackageProductDependency;
			package = 7D4A6DDB2F6338AE008387F8 /* XCRemoteSwiftPackageReference "OpenClawKit" */;
			productName = OpenClawMedia;
		};
		7D4A6DE82F6338AE008387F8 /* OpenClawMemory */ = {
			isa = XCSwiftPackageProductDependency;
			package = 7D4A6DDB2F6338AE008387F8 /* XCRemoteSwiftPackageReference "OpenClawKit" */;
			productName = OpenClawMemory;
		};
		7D4A6DEA2F6338AE008387F8 /* OpenClawModels */ = {
			isa = XCSwiftPackageProductDependency;
			package = 7D4A6DDB2F6338AE008387F8 /* XCRemoteSwiftPackageReference "OpenClawKit" */;
			productName = OpenClawModels;
		};
		7D4A6DEC2F6338AE008387F8 /* OpenClawPlugins */ = {
			isa = XCSwiftPackageProductDependency;
			package = 7D4A6DDB2F6338AE008387F8 /* XCRemoteSwiftPackageReference "OpenClawKit" */;
			productName = OpenClawPlugins;
		};
		7D4A6DEE2F6338AE008387F8 /* OpenClawProtocol */ = {
			isa = XCSwiftPackageProductDependency;
			package = 7D4A6DDB2F6338AE008387F8 /* XCRemoteSwiftPackageReference "OpenClawKit" */;
			productName = OpenClawProtocol;
		};
		7D4A6DF02F6338AE008387F8 /* OpenClawSkills */ = {
			isa = XCSwiftPackageProductDependency;
			package = 7D4A6DDB2F6338AE008387F8 /* XCRemoteSwiftPackageReference "OpenClawKit" */;
			productName = OpenClawSkills;
		};
		AA000001000000000000006 /* RosClawBridge */ = {
			isa = XCSwiftPackageProductDependency;
			productName = RosClawBridge;
		};
/* End XCSwiftPackageProductDependency section */
	};
	rootObject = 7D4A6DAC2F6336CB008387F8 /* Project object */;
}
