<?xml version="1.0" encoding="UTF-8"?>
<Scheme
   LastUpgradeVersion = "2630"
   version = "1.7">
   <BuildAction
      parallelizeBuildables = "YES"
      buildImplicitDependencies = "YES"
      buildArchitectures = "Automatic">
      <BuildActionEntries>
         <BuildActionEntry
            buildForTesting = "YES"
            buildForRunning = "YES"
            buildForProfiling = "YES"
            buildForArchiving = "YES"
            buildForAnalyzing = "YES">
            <BuildableReference
               BuildableIdentifier = "primary"
               BlueprintIdentifier = "7D4A6DB32F6336CB008387F8"
               BuildableName = "robot-copilot-demo.app"
               BlueprintName = "robot-copilot-demo"
               ReferencedContainer = "container:robot-copilot-demo.xcodeproj">
            </BuildableReference>
         </BuildActionEntry>
      </BuildActionEntries>
   </BuildAction>
   <TestAction
      buildConfiguration = "Debug"
      selectedDebuggerIdentifier = "Xcode.DebuggerFoundation.Debugger.LLDB"
      selectedLauncherIdentifier = "Xcode.DebuggerFoundation.Launcher.LLDB"
      shouldUseLaunchSchemeArgsEnv = "YES"
      shouldAutocreateTestPlan = "YES">
      <Testables>
         <TestableReference
            skipped = "NO"
            parallelizable = "YES">
            <BuildableReference
               BuildableIdentifier = "primary"
               BlueprintIdentifier = "7D4A6DC72F6336CC008387F8"
               BuildableName = "robot-copilot-demoTests.xctest"
               BlueprintName = "robot-copilot-demoTests"
               ReferencedContainer = "container:robot-copilot-demo.xcodeproj">
            </BuildableReference>
         </TestableReference>
      </Testables>
   </TestAction>
   <LaunchAction
      buildConfiguration = "Debug"
      selectedDebuggerIdentifier = "Xcode.DebuggerFoundation.Debugger.LLDB"
      selectedLauncherIdentifier = "Xcode.DebuggerFoundation.Launcher.LLDB"
      launchStyle = "0"
      useCustomWorkingDirectory = "NO"
      ignoresPersistentStateOnLaunch = "NO"
      debugDocumentVersioning = "YES"
      debugServiceExtension = "internal"
      allowLocationSimulation = "YES">
      <BuildableProductRunnable
         runnableDebuggingMode = "0">
         <BuildableReference
            BuildableIdentifier = "primary"
            BlueprintIdentifier = "7D4A6DB32F6336CB008387F8"
            BuildableName = "robot-copilot-demo.app"
            BlueprintName = "robot-copilot-demo"
            ReferencedContainer = "container:robot-copilot-demo.xcodeproj">
         </BuildableReference>
      </BuildableProductRunnable>
      <EnvironmentVariables>
         <EnvironmentVariable
            key = "OPENAI_API_KEY"
            value = "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"
            isEnabled = "YES">
         </EnvironmentVariable>
         <EnvironmentVariable
            key = "ROSCLAW_AGENT_IP"
            value = "192.168.2.126"
            isEnabled = "YES">
         </EnvironmentVariable>
         <EnvironmentVariable
            key = "ROSCLAW_AGENT_AUTH_TOKEN"
            value = "73b51805d3abb50f8f0dcdd477a8475edf4df95830825368"
            isEnabled = "YES">
         </EnvironmentVariable>
      </EnvironmentVariables>
   </LaunchAction>
   <ProfileAction
      buildConfiguration = "Release"
      shouldUseLaunchSchemeArgsEnv = "YES"
      savedToolIdentifier = ""
      useCustomWorkingDirectory = "NO"
      debugDocumentVersioning = "YES">
      <BuildableProductRunnable
         runnableDebuggingMode = "0">
         <BuildableReference
            BuildableIdentifier = "primary"
            BlueprintIdentifier = "7D4A6DB32F6336CB008387F8"
            BuildableName = "robot-copilot-demo.app"
            BlueprintName = "robot-copilot-demo"
            ReferencedContainer = "container:robot-copilot-demo.xcodeproj">
         </BuildableReference>
      </BuildableProductRunnable>
   </ProfileAction>
   <AnalyzeAction
      buildConfiguration = "Debug">
   </AnalyzeAction>
   <ArchiveAction
      buildConfiguration = "Release"
      revealArchiveInOrganizer = "YES">
   </ArchiveAction>
</Scheme>
